// !$*UTF8*$!
{
	archiveVersion = 1;
	classes = {
	};
	objectVersion = 55;
	objects = {

/* Begin PBXBuildFile section */
		A140877F27FCAEA500F663AE /* FruitNutritionsManager.swift in Sources */ = {isa = PBXBuildFile; fileRef = A140877E27FCAEA500F663AE /* FruitNutritionsManager.swift */; };
		A140878127FCB32000F663AE /* FruitData.swift in Sources */ = {isa = PBXBuildFile; fileRef = A140878027FCB32000F663AE /* FruitData.swift */; };
		A1CEA81E27FBCCC800040169 /* AppDelegate.swift in Sources */ = {isa = PBXBuildFile; fileRef = A1CEA81D27FBCCC800040169 /* AppDelegate.swift */; };
		A1CEA82027FBCCC800040169 /* SceneDelegate.swift in Sources */ = {isa = PBXBuildFile; fileRef = A1CEA81F27FBCCC800040169 /* SceneDelegate.swift */; };
		A1CEA82227FBCCC800040169 /* FruitNutritionsViewController.swift in Sources */ = {isa = PBXBuildFile; fileRef = A1CEA82127FBCCC800040169 /* FruitNutritionsViewController.swift */; };
		A1CEA82527FBCCC800040169 /* Main.storyboard in Resources */ = {isa = PBXBuildFile; fileRef = A1CEA82327FBCCC800040169 /* Main.storyboard */; };
		A1CEA82727FBCCC900040169 /* Assets.xcassets in Resources */ = {isa = PBXBuildFile; fileRef = A1CEA82627FBCCC900040169 /* Assets.xcassets */; };
		A1CEA82A27FBCCC900040169 /* LaunchScreen.storyboard in Resources */ = {isa = PBXBuildFile; fileRef = A1CEA82827FBCCC900040169 /* LaunchScreen.storyboard */; };
		A1CEA83627FC025000040169 /* FruitNutritions.swift in Sources */ = {isa = PBXBuildFile; fileRef = A1CEA83527FC025000040169 /* FruitNutritions.swift */; };
/* End PBXBuildFile section */

/* Begin PBXFileReference section */
		A140877E27FCAEA500F663AE /* FruitNutritionsManager.swift */ = {isa = PBXFileReference; lastKnownFileType = sourcecode.swift; path = FruitNutritionsManager.swift; sourceTree = "<group>"; };
		A140878027FCB32000F663AE /* FruitData.swift */ = {isa = PBXFileReference; lastKnownFileType = sourcecode.swift; path = FruitData.swift; sourceTree = "<group>"; };
		A1CEA81A27FBCCC800040169 /* Fruit Nutritions.app */ = {isa = PBXFileReference; explicitFileType = wrapper.application; includeInIndex = 0; path = "Fruit Nutritions.app"; sourceTree = BUILT_PRODUCTS_DIR; };
		A1CEA81D27FBCCC800040169 /* AppDelegate.swift */ = {isa = PBXFileReference; lastKnownFileType = sourcecode.swift; path = AppDelegate.swift; sourceTree = "<group>"; };
		A1CEA81F27FBCCC800040169 /* SceneDelegate.swift */ = {isa = PBXFileReference; lastKnownFileType = sourcecode.swift; path = SceneDelegate.swift; sourceTree = "<group>"; };
		A1CEA82127FBCCC800040169 /* FruitNutritionsViewController.swift */ = {isa = PBXFileReference; lastKnownFileType = sourcecode.swift; path = FruitNutritionsViewController.swift; sourceTree = "<group>"; };
		A1CEA82427FBCCC800040169 /* Base */ = {isa = PBXFileReference; lastKnownFileType = file.storyboard; name = Base; path = Base.lproj/Main.storyboard; sourceTree = "<group>"; };
		A1CEA82627FBCCC900040169 /* Assets.xcassets */ = {isa = PBXFileReference; lastKnownFileType = folder.assetcatalog; path = Assets.xcassets; sourceTree = "<group>"; };
		A1CEA82927FBCCC900040169 /* Base */ = {isa = PBXFileReference; lastKnownFileType = file.storyboard; name = Base; path = Base.lproj/LaunchScreen.storyboard; sourceTree = "<group>"; };
		A1CEA82B27FBCCC900040169 /* Info.plist */ = {isa = PBXFileReference; lastKnownFileType = text.plist.xml; path = Info.plist; sourceTree = "<group>"; };
		A1CEA83527FC025000040169 /* FruitNutritions.swift */ = {isa = PBXFileReference; lastKnownFileType = sourcecode.swift; path = FruitNutritions.swift; sourceTree = "<group>"; };
/* End PBXFileReference section */

/* Begin PBXFrameworksBuildPhase section */
		A1CEA81727FBCCC800040169 /* Frameworks */ = {
			isa = PBXFrameworksBuildPhase;
			buildActionMask = 2147483647;
			files = (
			);
			runOnlyForDeploymentPostprocessing = 0;
		};
/* End PBXFrameworksBuildPhase section */

/* Begin PBXGroup section */
		A1CEA81127FBCCC800040169 = {
			isa = PBXGroup;
			children = (
				A1CEA81C27FBCCC800040169 /* Fruit Nutritions */,
				A1CEA81B27FBCCC800040169 /* Products */,
			);
			sourceTree = "<group>";
		};
		A1CEA81B27FBCCC800040169 /* Products */ = {
			isa = PBXGroup;
			children = (
				A1CEA81A27FBCCC800040169 /* Fruit Nutritions.app */,
			);
			name = Products;
			sourceTree = "<group>";
		};
		A1CEA81C27FBCCC800040169 /* Fruit Nutritions */ = {
			isa = PBXGroup;
			children = (
				A1CEA83127FBCD7300040169 /* Resources */,
				A1CEA83227FBCE1E00040169 /* Models */,
				A1CEA83327FBCE3000040169 /* Views */,
				A1CEA83427FBCE3900040169 /* Controllers */,
			);
			path = "Fruit Nutritions";
			sourceTree = "<group>";
		};
		A1CEA83127FBCD7300040169 /* Resources */ = {
			isa = PBXGroup;
			children = (
				A1CEA81D27FBCCC800040169 /* AppDelegate.swift */,
				A1CEA81F27FBCCC800040169 /* SceneDelegate.swift */,
				A1CEA82627FBCCC900040169 /* Assets.xcassets */,
				A1CEA82B27FBCCC900040169 /* Info.plist */,
			);
			path = Resources;
			sourceTree = "<group>";
		};
		A1CEA83227FBCE1E00040169 /* Models */ = {
			isa = PBXGroup;
			children = (
				A1CEA83527FC025000040169 /* FruitNutritions.swift */,
				A140877E27FCAEA500F663AE /* FruitNutritionsManager.swift */,
				A140878027FCB32000F663AE /* FruitData.swift */,
			);
			path = Models;
			sourceTree = "<group>";
		};
		A1CEA83327FBCE3000040169 /* Views */ = {
			isa = PBXGroup;
			children = (
				A1CEA82327FBCCC800040169 /* Main.storyboard */,
				A1CEA82827FBCCC900040169 /* LaunchScreen.storyboard */,
			);
			path = Views;
			sourceTree = "<group>";
		};
		A1CEA83427FBCE3900040169 /* Controllers */ = {
			isa = PBXGroup;
			children = (
				A1CEA82127FBCCC800040169 /* FruitNutritionsViewController.swift */,
			);
			path = Controllers;
			sourceTree = "<group>";
		};
/* End PBXGroup section */

/* Begin PBXNativeTarget section */
		A1CEA81927FBCCC800040169 /* Fruit Nutritions */ = {
			isa = PBXNativeTarget;
			buildConfigurationList = A1CEA82E27FBCCC900040169 /* Build configuration list for PBXNativeTarget "Fruit Nutritions" */;
			buildPhases = (
				A1CEA81627FBCCC800040169 /* Sources */,
				A1CEA81727FBCCC800040169 /* Frameworks */,
				A1CEA81827FBCCC800040169 /* Resources */,
			);
			buildRules = (
			);
			dependencies = (
			);
			name = "Fruit Nutritions";
			productName = "Gas Prices";
			productReference = A1CEA81A27FBCCC800040169 /* Fruit Nutritions.app */;
			productType = "com.apple.product-type.application";
		};
/* End PBXNativeTarget section */

/* Begin PBXProject section */
		A1CEA81227FBCCC800040169 /* Project object */ = {
			isa = PBXProject;
			attributes = {
				BuildIndependentTargetsInParallel = 1;
				LastSwiftUpdateCheck = 1320;
				LastUpgradeCheck = 1320;
				TargetAttributes = {
					A1CEA81927FBCCC800040169 = {
						CreatedOnToolsVersion = 13.2.1;
					};
				};
			};
			buildConfigurationList = A1CEA81527FBCCC800040169 /* Build configuration list for PBXProject "Fruit Nutritions" */;
			compatibilityVersion = "Xcode 13.0";
			developmentRegion = en;
			hasScannedForEncodings = 0;
			knownRegions = (
				en,
				Base,
			);
			mainGroup = A1CEA81127FBCCC800040169;
			productRefGroup = A1CEA81B27FBCCC800040169 /* Products */;
			projectDirPath = "";
			projectRoot = "";
			targets = (
				A1CEA81927FBCCC800040169 /* Fruit Nutritions */,
			);
		};
/* End PBXProject section */

/* Begin PBXResourcesBuildPhase section */
		A1CEA81827FBCCC800040169 /* Resources */ = {
			isa = PBXResourcesBuildPhase;
			buildActionMask = 2147483647;
			files = (
				A1CEA82A27FBCCC900040169 /* LaunchScreen.storyboard in Resources */,
				A1CEA82727FBCCC900040169 /* Assets.xcassets in Resources */,
				A1CEA82527FBCCC800040169 /* Main.storyboard in Resources */,
			);
			runOnlyForDeploymentPostprocessing = 0;
		};
/* End PBXResourcesBuildPhase section */

/* Begin PBXSourcesBuildPhase section */
		A1CEA81627FBCCC800040169 /* Sources */ = {
			isa = PBXSourcesBuildPhase;
			buildActionMask = 2147483647;
			files = (
				A1CEA82227FBCCC800040169 /* FruitNutritionsViewController.swift in Sources */,
				A1CEA81E27FBCCC800040169 /* AppDelegate.swift in Sources */,
				A140878127FCB32000F663AE /* FruitData.swift in Sources */,
				A1CEA82027FBCCC800040169 /* SceneDelegate.swift in Sources */,
				A1CEA83627FC025000040169 /* FruitNutritions.swift in Sources */,
				A140877F27FCAEA500F663AE /* FruitNutritionsManager.swift in Sources */,
			);
			runOnlyForDeploymentPostprocessing = 0;
		};
/* End PBXSourcesBuildPhase section */

/* Begin PBXVariantGroup section */
		A1CEA82327FBCCC800040169 /* Main.storyboard */ = {
			isa = PBXVariantGroup;
			children = (
				A1CEA82427FBCCC800040169 /* Base */,
			);
			name = Main.storyboard;
			sourceTree = "<group>";
		};
		A1CEA82827FBCCC900040169 /* LaunchScreen.storyboard */ = {
			isa = PBXVariantGroup;
			children = (
				A1CEA82927FBCCC900040169 /* Base */,
			);
			name = LaunchScreen.storyboard;
			sourceTree = "<group>";
		};
/* End PBXVariantGroup section */

/* Begin XCBuildConfiguration section */
		A1CEA82C27FBCCC900040169 /* Debug */ = {
			isa = XCBuildConfiguration;
			buildSettings = {
				ALWAYS_SEARCH_USER_PATHS = NO;
				CLANG_ANALYZER_NONNULL = YES;
				CLANG_ANALYZER_NUMBER_OBJECT_CONVERSION = YES_AGGRESSIVE;
				CLANG_CXX_LANGUAGE_STANDARD = "gnu++17";
				CLANG_CXX_LIBRARY = "libc++";
				CLANG_ENABLE_MODULES = YES;
				CLANG_ENABLE_OBJC_ARC = YES;
				CLANG_ENABLE_OBJC_WEAK = YES;
				CLANG_WARN_BLOCK_CAPTURE_AUTORELEASING = YES;
				CLANG_WARN_BOOL_CONVERSION = YES;
				CLANG_WARN_COMMA = YES;
				CLANG_WARN_CONSTANT_CONVERSION = YES;
				CLANG_WARN_DEPRECATED_OBJC_IMPLEMENTATIONS = YES;
				CLANG_WARN_DIRECT_OBJC_ISA_USAGE = YES_ERROR;
				CLANG_WARN_DOCUMENTATION_COMMENTS = YES;
				CLANG_WARN_EMPTY_BODY = YES;
				CLANG_WARN_ENUM_CONVERSION = YES;
				CLANG_WARN_INFINITE_RECURSION = YES;
				CLANG_WARN_INT_CONVERSION = YES;
				CLANG_WARN_NON_LITERAL_NULL_CONVERSION = YES;
				CLANG_WARN_OBJC_IMPLICIT_RETAIN_SELF = YES;
				CLANG_WARN_OBJC_LITERAL_CONVERSION = YES;
				CLANG_WARN_OBJC_ROOT_CLASS = YES_ERROR;
				CLANG_WARN_QUOTED_INCLUDE_IN_FRAMEWORK_HEADER = YES;
				CLANG_WARN_RANGE_LOOP_ANALYSIS = YES;
				CLANG_WARN_STRICT_PROTOTYPES = YES;
				CLANG_WARN_SUSPICIOUS_MOVE = YES;
				CLANG_WARN_UNGUARDED_AVAILABILITY = YES_AGGRESSIVE;
				CLANG_WARN_UNREACHABLE_CODE = YES;
				CLANG_WARN__DUPLICATE_METHOD_MATCH = YES;
				COPY_PHASE_STRIP = NO;
				DEBUG_INFORMATION_FORMAT = dwarf;
				ENABLE_STRICT_OBJC_MSGSEND = YES;
				ENABLE_TESTABILITY = YES;
				GCC_C_LANGUAGE_STANDARD = gnu11;
				GCC_DYNAMIC_NO_PIC = NO;
				GCC_NO_COMMON_BLOCKS = YES;
				GCC_OPTIMIZATION_LEVEL = 0;
				GCC_PREPROCESSOR_DEFINITIONS = (
					"DEBUG=1",
					"$(inherited)",
				);
				GCC_WARN_64_TO_32_BIT_CONVERSION = YES;
				GCC_WARN_ABOUT_RETURN_TYPE = YES_ERROR;
				GCC_WARN_UNDECLARED_SELECTOR = YES;
				GCC_WARN_UNINITIALIZED_AUTOS = YES_AGGRESSIVE;
				GCC_WARN_UNUSED_FUNCTION = YES;
				GCC_WARN_UNUSED_VARIABLE = YES;
				IPHONEOS_DEPLOYMENT_TARGET = 15.2;
				MTL_ENABLE_DEBUG_INFO = INCLUDE_SOURCE;
				MTL_FAST_MATH = YES;
				ONLY_ACTIVE_ARCH = YES;
				SDKROOT = iphoneos;
				SWIFT_ACTIVE_COMPILATION_CONDITIONS = DEBUG;
				SWIFT_OPTIMIZATION_LEVEL = "-Onone";
			};
			name = Debug;
		};
		A1CEA82D27FBCCC900040169 /* Release */ = {
			isa = XCBuildConfiguration;
			buildSettings = {
				ALWAYS_SEARCH_USER_PATHS = NO;
				CLANG_ANALYZER_NONNULL = YES;
				CLANG_ANALYZER_NUMBER_OBJECT_CONVERSION = YES_AGGRESSIVE;
				CLANG_CXX_LANGUAGE_STANDARD = "gnu++17";
				CLANG_CXX_LIBRARY = "libc++";
				CLANG_ENABLE_MODULES = YES;
				CLANG_ENABLE_OBJC_ARC = YES;
				CLANG_ENABLE_OBJC_WEAK = YES;
				CLANG_WARN_BLOCK_CAPTURE_AUTORELEASING = YES;
				CLANG_WARN_BOOL_CONVERSION = YES;
				CLANG_WARN_COMMA = YES;
				CLANG_WARN_CONSTANT_CONVERSION = YES;
				CLANG_WARN_DEPRECATED_OBJC_IMPLEMENTATIONS = YES;
				CLANG_WARN_DIRECT_OBJC_ISA_USAGE = YES_ERROR;
				CLANG_WARN_DOCUMENTATION_COMMENTS = YES;
				CLANG_WARN_EMPTY_BODY = YES;
				CLANG_WARN_ENUM_CONVERSION = YES;
				CLANG_WARN_INFINITE_RECURSION = YES;
				CLANG_WARN_INT_CONVERSION = YES;
				CLANG_WARN_NON_LITERAL_NULL_CONVERSION = YES;
				CLANG_WARN_OBJC_IMPLICIT_RETAIN_SELF = YES;
				CLANG_WARN_OBJC_LITERAL_CONVERSION = YES;
				CLANG_WARN_OBJC_ROOT_CLASS = YES_ERROR;
				CLANG_WARN_QUOTED_INCLUDE_IN_FRAMEWORK_HEADER = YES;
				CLANG_WARN_RANGE_LOOP_ANALYSIS = YES;
				CLANG_WARN_STRICT_PROTOTYPES = YES;
				CLANG_WARN_SUSPICIOUS_MOVE = YES;
				CLANG_WARN_UNGUARDED_AVAILABILITY = YES_AGGRESSIVE;
				CLANG_WARN_UNREACHABLE_CODE = YES;
				CLANG_WARN__DUPLICATE_METHOD_MATCH = YES;
				COPY_PHASE_STRIP = NO;
				DEBUG_INFORMATION_FORMAT = "dwarf-with-dsym";
				ENABLE_NS_ASSERTIONS = NO;
				ENABLE_STRICT_OBJC_MSGSEND = YES;
				GCC_C_LANGUAGE_STANDARD = gnu11;
				GCC_NO_COMMON_BLOCKS = YES;
				GCC_WARN_64_TO_32_BIT_CONVERSION = YES;
				GCC_WARN_ABOUT_RETURN_TYPE = YES_ERROR;
				GCC_WARN_UNDECLARED_SELECTOR = YES;
				GCC_WARN_UNINITIALIZED_AUTOS = YES_AGGRESSIVE;
				GCC_WARN_UNUSED_FUNCTION = YES;
				GCC_WARN_UNUSED_VARIABLE = YES;
				IPHONEOS_DEPLOYMENT_TARGET = 15.2;
				MTL_ENABLE_DEBUG_INFO = NO;
				MTL_FAST_MATH = YES;
				SDKROOT = iphoneos;
				SWIFT_COMPILATION_MODE = wholemodule;
				SWIFT_OPTIMIZATION_LEVEL = "-O";
				VALIDATE_PRODUCT = YES;
			};
			name = Release;
		};
		A1CEA82F27FBCCC900040169 /* Debug */ = {
			isa = XCBuildConfiguration;
			buildSettings = {
				ASSETCATALOG_COMPILER_APPICON_NAME = AppIcon;
				ASSETCATALOG_COMPILER_GLOBAL_ACCENT_COLOR_NAME = AccentColor;
				CODE_SIGN_STYLE = Automatic;
				CURRENT_PROJECT_VERSION = 1;
				DEVELOPMENT_TEAM = 6J26NUH9GZ;
				GENERATE_INFOPLIST_FILE = YES;
				INFOPLIST_FILE = "Fruit Nutritions/Resources/Info.plist";
				INFOPLIST_KEY_UIApplicationSupportsIndirectInputEvents = YES;
				INFOPLIST_KEY_UILaunchStoryboardName = LaunchScreen;
				INFOPLIST_KEY_UIMainStoryboardFile = Main;
				INFOPLIST_KEY_UISupportedInterfaceOrientations_iPad = "UIInterfaceOrientationPortrait UIInterfaceOrientationPortraitUpsideDown UIInterfaceOrientationLandscapeLeft UIInterfaceOrientationLandscapeRight";
				INFOPLIST_KEY_UISupportedInterfaceOrientations_iPhone = "UIInterfaceOrientationPortrait UIInterfaceOrientationLandscapeLeft UIInterfaceOrientationLandscapeRight";
				LD_RUNPATH_SEARCH_PATHS = (
					"$(inherited)",
					"@executable_path/Frameworks",
				);
				MARKETING_VERSION = 1.0;
				PRODUCT_BUNDLE_IDENTIFIER = "com.tranglam.Fruit-Nutritions";
				PRODUCT_NAME = "$(TARGET_NAME)";
				SWIFT_EMIT_LOC_STRINGS = YES;
				SWIFT_VERSION = 5.0;
				TARGETED_DEVICE_FAMILY = "1,2";
			};
			name = Debug;
		};
		A1CEA83027FBCCC900040169 /* Release */ = {
			isa = XCBuildConfiguration;
			buildSettings = {
				ASSETCATALOG_COMPILER_APPICON_NAME = AppIcon;
				ASSETCATALOG_COMPILER_GLOBAL_ACCENT_COLOR_NAME = AccentColor;
				CODE_SIGN_STYLE = Automatic;
				CURRENT_PROJECT_VERSION = 1;
				DEVELOPMENT_TEAM = 6J26NUH9GZ;
				GENERATE_INFOPLIST_FILE = YES;
				INFOPLIST_FILE = "Fruit Nutritions/Resources/Info.plist";
				INFOPLIST_KEY_UIApplicationSupportsIndirectInputEvents = YES;
				INFOPLIST_KEY_UILaunchStoryboardName = LaunchScreen;
				INFOPLIST_KEY_UIMainStoryboardFile = Main;
				INFOPLIST_KEY_UISupportedInterfaceOrientations_iPad = "UIInterfaceOrientationPortrait UIInterfaceOrientationPortraitUpsideDown UIInterfaceOrientationLandscapeLeft UIInterfaceOrientationLandscapeRight";
				INFOPLIST_KEY_UISupportedInterfaceOrientations_iPhone = "UIInterfaceOrientationPortrait UIInterfaceOrientationLandscapeLeft UIInterfaceOrientationLandscapeRight";
				LD_RUNPATH_SEARCH_PATHS = (
					"$(inherited)",
					"@executable_path/Frameworks",
				);
				MARKETING_VERSION = 1.0;
				PRODUCT_BUNDLE_IDENTIFIER = "com.tranglam.Fruit-Nutritions";
				PRODUCT_NAME = "$(TARGET_NAME)";
				SWIFT_EMIT_LOC_STRINGS = YES;
				SWIFT_VERSION = 5.0;
				TARGETED_DEVICE_FAMILY = "1,2";
			};
			name = Release;
		};
/* End XCBuildConfiguration section */

/* Begin XCConfigurationList section */
		A1CEA81527FBCCC800040169 /* Build configuration list for PBXProject "Fruit Nutritions" */ = {
			isa = XCConfigurationList;
			buildConfigurations = (
				A1CEA82C27FBCCC900040169 /* Debug */,
				A1CEA82D27FBCCC900040169 /* Release */,
			);
			defaultConfigurationIsVisible = 0;
			defaultConfigurationName = Release;
		};
		A1CEA82E27FBCCC900040169 /* Build configuration list for PBXNativeTarget "Fruit Nutritions" */ = {
			isa = XCConfigurationList;
			buildConfigurations = (
				A1CEA82F27FBCCC900040169 /* Debug */,
				A1CEA83027FBCCC900040169 /* Release */,
			);
			defaultConfigurationIsVisible = 0;
			defaultConfigurationName = Release;
		};
/* End XCConfigurationList section */
	};
	rootObject = A1CEA81227FBCCC800040169 /* Project object */;
}
